
Microsoft Visual Studio Solution File, Format Version 12.00
# Visual Studio Version 17
VisualStudioVersion = 17.9.34723.18
MinimumVisualStudioVersion = 10.0.40219.1
Project("{FAE04EC0-301F-11D3-BF4B-00C04F79EFBC}") = "NewsletterProvider", "NewsletterProvider\NewsletterProvider.csproj", "{8699A7A1-751A-4742-B4B5-038B69E154D1}"
EndProject
Project("{FAE04EC0-301F-11D3-BF4B-00C04F79EFBC}") = "Data", "Data\Data.csproj", "{6EE428DE-BCB7-43CF-8987-D49CC0C20C81}"
EndProject
Global
	GlobalSection(SolutionConfigurationPlatforms) = preSolution
		Debug|Any CPU = Debug|Any CPU
		Release|Any CPU = Release|Any CPU
	EndGlobalSection
	GlobalSection(ProjectConfigurationPlatforms) = postSolution
		{8699A7A1-751A-4742-B4B5-038B69E154D1}.Debug|Any CPU.ActiveCfg = Debug|Any CPU
		{8699A7A1-751A-4742-B4B5-038B69E154D1}.Debug|Any CPU.Build.0 = Debug|Any CPU
		{8699A7A1-751A-4742-B4B5-038B69E154D1}.Release|Any CPU.ActiveCfg = Release|Any CPU
		{8699A7A1-751A-4742-B4B5-038B69E154D1}.Release|Any CPU.Build.0 = Release|Any CPU
		{6EE428DE-BCB7-43CF-8987-D49CC0C20C81}.Debug|Any CPU.ActiveCfg = Debug|Any CPU
		{6EE428DE-BCB7-43CF-8987-D49CC0C20C81}.Debug|Any CPU.Build.0 = Debug|Any CPU
		{6EE428DE-BCB7-43CF-8987-D49CC0C20C81}.Release|Any CPU.ActiveCfg = Release|Any CPU
		{6EE428DE-BCB7-43CF-8987-D49CC0C20C81}.Release|Any CPU.Build.0 = Release|Any CPU
	EndGlobalSection
	GlobalSection(SolutionProperties) = preSolution
		HideSolutionNode = FALSE
	EndGlobalSection
	GlobalSection(ExtensibilityGlobals) = postSolution
		SolutionGuid = {59C42874-F12D-41EA-81DF-EA5C36C5F9A3}
	EndGlobalSection
EndGlobal
